
Microsoft Visual Studio Solution File, Format Version 12.00
# Visual Studio Version 17
VisualStudioVersion = 17.11.35312.102
MinimumVisualStudioVersion = 10.0.40219.1
Project("{FAE04EC0-301F-11D3-BF4B-00C04F79EFBC}") = "Mymvvm", "Mymvvm.csproj", "{79AD57E4-1AEE-4CDC-B06E-5732B5F789AD}"
EndProject
Global
	GlobalSection(SolutionConfigurationPlatforms) = preSolution
		Debug|Any CPU = Debug|Any CPU
		Release|Any CPU = Release|Any CPU
	EndGlobalSection
	GlobalSection(ProjectConfigurationPlatforms) = postSolution
		{79AD57E4-1AEE-4CDC-B06E-5732B5F789AD}.Debug|Any CPU.ActiveCfg = Debug|Any CPU
		{79AD57E4-1AEE-4CDC-B06E-5732B5F789AD}.Debug|Any CPU.Build.0 = Debug|Any CPU
		{79AD57E4-1AEE-4CDC-B06E-5732B5F789AD}.Release|Any CPU.ActiveCfg = Release|Any CPU
		{79AD57E4-1AEE-4CDC-B06E-5732B5F789AD}.Release|Any CPU.Build.0 = Release|Any CPU
	EndGlobalSection
	GlobalSection(SolutionProperties) = preSolution
		HideSolutionNode = FALSE
	EndGlobalSection
	GlobalSection(ExtensibilityGlobals) = postSolution
		SolutionGuid = {E2CF555C-C098-417A-B135-A1718416571D}
	EndGlobalSection
EndGlobal
