
Microsoft Visual Studio Solution File, Format Version 12.00
Project("{FAE04EC0-301F-11D3-BF4B-00C04F79EFBC}") = "MyBooksManager", "MyBooksManager.csproj", "{58E0AD80-E519-420B-B4EB-A9340B12831D}"
EndProject
Global
	GlobalSection(SolutionConfigurationPlatforms) = preSolution
		Debug|Any CPU = Debug|Any CPU
		Release|Any CPU = Release|Any CPU
	EndGlobalSection
	GlobalSection(ProjectConfigurationPlatforms) = postSolution
		{58E0AD80-E519-420B-B4EB-A9340B12831D}.Debug|Any CPU.ActiveCfg = Debug|Any CPU
		{58E0AD80-E519-420B-B4EB-A9340B12831D}.Debug|Any CPU.Build.0 = Debug|Any CPU
		{58E0AD80-E519-420B-B4EB-A9340B12831D}.Release|Any CPU.ActiveCfg = Release|Any CPU
		{58E0AD80-E519-420B-B4EB-A9340B12831D}.Release|Any CPU.Build.0 = Release|Any CPU
	EndGlobalSection
EndGlobal
